
Microsoft Visual Studio Solution File, Format Version 12.00
# Visual Studio Version 17
VisualStudioVersion = 17.5.33424.131
MinimumVisualStudioVersion = 10.0.40219.1
Project("{8BC9CEB8-8B4A-11D0-8D11-00A0C91BC942}") = "StaticMember", "StaticMember\StaticMember.vcxproj", "{A54D6CAF-A1EA-4235-B5D1-EA45661DDA00}"
EndProject
Project("{8BC9CEB8-8B4A-11D0-8D11-00A0C91BC942}") = "StaticMember2", "StaticMember2\StaticMember2.vcxproj", "{2004E5E9-E65E-466F-9FC8-F29B4E936043}"
EndProject
Project("{8BC9CEB8-8B4A-11D0-8D11-00A0C91BC942}") = "Konstuctor", "Konstuctor\Konstuctor.vcxproj", "{87A5D00C-446F-4FF8-820D-F12C5ACB78D5}"
EndProject
Project("{8BC9CEB8-8B4A-11D0-8D11-00A0C91BC942}") = "Destructor", "Destructor\Destructor.vcxproj", "{FE46097A-29A5-4D89-BF32-9B5CFAB1FB3A}"
EndProject
Project("{8BC9CEB8-8B4A-11D0-8D11-00A0C91BC942}") = "chainFunction", "chainFunction\chainFunction.vcxproj", "{0989AFD1-AD9F-43F8-A47C-A5FCCAA25C60}"
EndProject
Global
	GlobalSection(SolutionConfigurationPlatforms) = preSolution
		Debug|x64 = Debug|x64
		Debug|x86 = Debug|x86
		Release|x64 = Release|x64
		Release|x86 = Release|x86
	EndGlobalSection
	GlobalSection(ProjectConfigurationPlatforms) = postSolution
		{A54D6CAF-A1EA-4235-B5D1-EA45661DDA00}.Debug|x64.ActiveCfg = Debug|x64
		{A54D6CAF-A1EA-4235-B5D1-EA45661DDA00}.Debug|x64.Build.0 = Debug|x64
		{A54D6CAF-A1EA-4235-B5D1-EA45661DDA00}.Debug|x86.ActiveCfg = Debug|Win32
		{A54D6CAF-A1EA-4235-B5D1-EA45661DDA00}.Debug|x86.Build.0 = Debug|Win32
		{A54D6CAF-A1EA-4235-B5D1-EA45661DDA00}.Release|x64.ActiveCfg = Release|x64
		{A54D6CAF-A1EA-4235-B5D1-EA45661DDA00}.Release|x64.Build.0 = Release|x64
		{A54D6CAF-A1EA-4235-B5D1-EA45661DDA00}.Release|x86.ActiveCfg = Release|Win32
		{A54D6CAF-A1EA-4235-B5D1-EA45661DDA00}.Release|x86.Build.0 = Release|Win32
		{2004E5E9-E65E-466F-9FC8-F29B4E936043}.Debug|x64.ActiveCfg = Debug|x64
		{2004E5E9-E65E-466F-9FC8-F29B4E936043}.Debug|x64.Build.0 = Debug|x64
		{2004E5E9-E65E-466F-9FC8-F29B4E936043}.Debug|x86.ActiveCfg = Debug|Win32
		{2004E5E9-E65E-466F-9FC8-F29B4E936043}.Debug|x86.Build.0 = Debug|Win32
		{2004E5E9-E65E-466F-9FC8-F29B4E936043}.Release|x64.ActiveCfg = Release|x64
		{2004E5E9-E65E-466F-9FC8-F29B4E936043}.Release|x64.Build.0 = Release|x64
		{2004E5E9-E65E-466F-9FC8-F29B4E936043}.Release|x86.ActiveCfg = Release|Win32
		{2004E5E9-E65E-466F-9FC8-F29B4E936043}.Release|x86.Build.0 = Release|Win32
		{87A5D00C-446F-4FF8-820D-F12C5ACB78D5}.Debug|x64.ActiveCfg = Debug|x64
		{87A5D00C-446F-4FF8-820D-F12C5ACB78D5}.Debug|x64.Build.0 = Debug|x64
		{87A5D00C-446F-4FF8-820D-F12C5ACB78D5}.Debug|x86.ActiveCfg = Debug|Win32
		{87A5D00C-446F-4FF8-820D-F12C5ACB78D5}.Debug|x86.Build.0 = Debug|Win32
		{87A5D00C-446F-4FF8-820D-F12C5ACB78D5}.Release|x64.ActiveCfg = Release|x64
		{87A5D00C-446F-4FF8-820D-F12C5ACB78D5}.Release|x64.Build.0 = Release|x64
		{87A5D00C-446F-4FF8-820D-F12C5ACB78D5}.Release|x86.ActiveCfg = Release|Win32
		{87A5D00C-446F-4FF8-820D-F12C5ACB78D5}.Release|x86.Build.0 = Release|Win32
		{FE46097A-29A5-4D89-BF32-9B5CFAB1FB3A}.Debug|x64.ActiveCfg = Debug|x64
		{FE46097A-29A5-4D89-BF32-9B5CFAB1FB3A}.Debug|x64.Build.0 = Debug|x64
		{FE46097A-29A5-4D89-BF32-9B5CFAB1FB3A}.Debug|x86.ActiveCfg = Debug|Win32
		{FE46097A-29A5-4D89-BF32-9B5CFAB1FB3A}.Debug|x86.Build.0 = Debug|Win32
		{FE46097A-29A5-4D89-BF32-9B5CFAB1FB3A}.Release|x64.ActiveCfg = Release|x64
		{FE46097A-29A5-4D89-BF32-9B5CFAB1FB3A}.Release|x64.Build.0 = Release|x64
		{FE46097A-29A5-4D89-BF32-9B5CFAB1FB3A}.Release|x86.ActiveCfg = Release|Win32
		{FE46097A-29A5-4D89-BF32-9B5CFAB1FB3A}.Release|x86.Build.0 = Release|Win32
		{0989AFD1-AD9F-43F8-A47C-A5FCCAA25C60}.Debug|x64.ActiveCfg = Debug|x64
		{0989AFD1-AD9F-43F8-A47C-A5FCCAA25C60}.Debug|x64.Build.0 = Debug|x64
		{0989AFD1-AD9F-43F8-A47C-A5FCCAA25C60}.Debug|x86.ActiveCfg = Debug|Win32
		{0989AFD1-AD9F-43F8-A47C-A5FCCAA25C60}.Debug|x86.Build.0 = Debug|Win32
		{0989AFD1-AD9F-43F8-A47C-A5FCCAA25C60}.Release|x64.ActiveCfg = Release|x64
		{0989AFD1-AD9F-43F8-A47C-A5FCCAA25C60}.Release|x64.Build.0 = Release|x64
		{0989AFD1-AD9F-43F8-A47C-A5FCCAA25C60}.Release|x86.ActiveCfg = Release|Win32
		{0989AFD1-AD9F-43F8-A47C-A5FCCAA25C60}.Release|x86.Build.0 = Release|Win32
	EndGlobalSection
	GlobalSection(SolutionProperties) = preSolution
		HideSolutionNode = FALSE
	EndGlobalSection
	GlobalSection(ExtensibilityGlobals) = postSolution
		SolutionGuid = {2EFCC622-60C8-4363-A21B-59F9DA32336F}
	EndGlobalSection
EndGlobal
